PODS:
  - Masonry (1.1.0)
  - TLFilterView (1.0.0):
    - Masonry

DEPENDENCIES:
  - TLFilterView (from `../`)

SPEC REPOS:
  trunk:
    - Masonry

EXTERNAL SOURCES:
  TLFilterView:
    :path: "../"

SPEC CHECKSUMS:
  Masonry: 678fab65091a9290e40e2832a55e7ab731aad201
  TLFilterView: 82ad846c0860b5ea384aa82e150bcfec4b803535

PODFILE CHECKSUM: b70d69ec674ce9f7eb074807f5aa5c4fc7d006a3

COCOAPODS: 1.8.4
